
Microsoft Visual Studio Solution File, Format Version 12.00
# Visual Studio Version 17
VisualStudioVersion = 17.6.33723.286
MinimumVisualStudioVersion = 10.0.40219.1
Project("{FAE04EC0-301F-11D3-BF4B-00C04F79EFBC}") = "m8", "m8\m8.csproj", "{DB3C165E-F876-49E0-AF4D-C993771A2715}"
EndProject
Global
	GlobalSection(SolutionConfigurationPlatforms) = preSolution
		Debug|Any CPU = Debug|Any CPU
		Release|Any CPU = Release|Any CPU
	EndGlobalSection
	GlobalSection(ProjectConfigurationPlatforms) = postSolution
		{DB3C165E-F876-49E0-AF4D-C993771A2715}.Debug|Any CPU.ActiveCfg = Debug|Any CPU
		{DB3C165E-F876-49E0-AF4D-C993771A2715}.Debug|Any CPU.Build.0 = Debug|Any CPU
		{DB3C165E-F876-49E0-AF4D-C993771A2715}.Release|Any CPU.ActiveCfg = Release|Any CPU
		{DB3C165E-F876-49E0-AF4D-C993771A2715}.Release|Any CPU.Build.0 = Release|Any CPU
	EndGlobalSection
	GlobalSection(SolutionProperties) = preSolution
		HideSolutionNode = FALSE
	EndGlobalSection
	GlobalSection(ExtensibilityGlobals) = postSolution
		SolutionGuid = {DF9EFCDC-C202-48A9-9105-56BB231EA843}
	EndGlobalSection
EndGlobal
